
Microsoft Visual Studio Solution File, Format Version 12.00
# Visual Studio Version 17
VisualStudioVersion = 17.2.32616.157
MinimumVisualStudioVersion = 10.0.40219.1
Project("{9A19103F-16F7-4668-BE54-9A1E7A4F7556}") = "12JulyAssignments", "12JulyAssignments\12JulyAssignments.csproj", "{18E10C9F-EF9D-4FDB-8F37-25782DEC8287}"
EndProject
Project("{FAE04EC0-301F-11D3-BF4B-00C04F79EFBC}") = "CS_EmployeeInfo", "..\NetFrwk_Projects\CS_EmployeeInfo\CS_EmployeeInfo.csproj", "{B6B56A5C-C5AC-4EB4-8388-A89F86EAE3B2}"
EndProject
Global
	GlobalSection(SolutionConfigurationPlatforms) = preSolution
		Debug|Any CPU = Debug|Any CPU
		Release|Any CPU = Release|Any CPU
	EndGlobalSection
	GlobalSection(ProjectConfigurationPlatforms) = postSolution
		{18E10C9F-EF9D-4FDB-8F37-25782DEC8287}.Debug|Any CPU.ActiveCfg = Debug|Any CPU
		{18E10C9F-EF9D-4FDB-8F37-25782DEC8287}.Debug|Any CPU.Build.0 = Debug|Any CPU
		{18E10C9F-EF9D-4FDB-8F37-25782DEC8287}.Release|Any CPU.ActiveCfg = Release|Any CPU
		{18E10C9F-EF9D-4FDB-8F37-25782DEC8287}.Release|Any CPU.Build.0 = Release|Any CPU
		{B6B56A5C-C5AC-4EB4-8388-A89F86EAE3B2}.Debug|Any CPU.ActiveCfg = Debug|Any CPU
		{B6B56A5C-C5AC-4EB4-8388-A89F86EAE3B2}.Debug|Any CPU.Build.0 = Debug|Any CPU
		{B6B56A5C-C5AC-4EB4-8388-A89F86EAE3B2}.Release|Any CPU.ActiveCfg = Release|Any CPU
		{B6B56A5C-C5AC-4EB4-8388-A89F86EAE3B2}.Release|Any CPU.Build.0 = Release|Any CPU
	EndGlobalSection
	GlobalSection(SolutionProperties) = preSolution
		HideSolutionNode = FALSE
	EndGlobalSection
	GlobalSection(ExtensibilityGlobals) = postSolution
		SolutionGuid = {050EEFB7-37BE-42BE-A42E-021342C69536}
	EndGlobalSection
EndGlobal
